
Microsoft Visual Studio Solution File, Format Version 12.00
# Visual Studio 15
VisualStudioVersion = 15.0.28307.136
MinimumVisualStudioVersion = 10.0.40219.1
Project("{FAE04EC0-301F-11D3-BF4B-00C04F79EFBC}") = "Fresh1.Android", "Fresh1\Fresh1.Android\Fresh1.Android.csproj", "{399E0574-AE74-46BE-97EB-6076A5E1794E}"
EndProject
Project("{9A19103F-16F7-4668-BE54-9A1E7A4F7556}") = "Fresh1", "Fresh1\Fresh1\Fresh1.csproj", "{3D91D041-1A89-4EBB-A606-4AA5EC732BA0}"
EndProject
Project("{FAE04EC0-301F-11D3-BF4B-00C04F79EFBC}") = "Fresh1.iOS", "App2\App2.iOS\Fresh1.iOS.csproj", "{44228FA6-52DC-48A2-BD24-A76A9ACA643D}"
EndProject
Global
	GlobalSection(SolutionConfigurationPlatforms) = preSolution
		Ad-Hoc|Any CPU = Ad-Hoc|Any CPU
		Ad-Hoc|iPhone = Ad-Hoc|iPhone
		Ad-Hoc|iPhoneSimulator = Ad-Hoc|iPhoneSimulator
		AppStore|Any CPU = AppStore|Any CPU
		AppStore|iPhone = AppStore|iPhone
		AppStore|iPhoneSimulator = AppStore|iPhoneSimulator
		Debug|Any CPU = Debug|Any CPU
		Debug|iPhone = Debug|iPhone
		Debug|iPhoneSimulator = Debug|iPhoneSimulator
		Release|Any CPU = Release|Any CPU
		Release|iPhone = Release|iPhone
		Release|iPhoneSimulator = Release|iPhoneSimulator
		TEST|Any CPU = TEST|Any CPU
		TEST|iPhone = TEST|iPhone
		TEST|iPhoneSimulator = TEST|iPhoneSimulator
	EndGlobalSection
	GlobalSection(ProjectConfigurationPlatforms) = postSolution
		{399E0574-AE74-46BE-97EB-6076A5E1794E}.Ad-Hoc|Any CPU.ActiveCfg = TEST|Any CPU
		{399E0574-AE74-46BE-97EB-6076A5E1794E}.Ad-Hoc|Any CPU.Build.0 = TEST|Any CPU
		{399E0574-AE74-46BE-97EB-6076A5E1794E}.Ad-Hoc|Any CPU.Deploy.0 = TEST|Any CPU
		{399E0574-AE74-46BE-97EB-6076A5E1794E}.Ad-Hoc|iPhone.ActiveCfg = TEST|Any CPU
		{399E0574-AE74-46BE-97EB-6076A5E1794E}.Ad-Hoc|iPhone.Build.0 = TEST|Any CPU
		{399E0574-AE74-46BE-97EB-6076A5E1794E}.Ad-Hoc|iPhone.Deploy.0 = TEST|Any CPU
		{399E0574-AE74-46BE-97EB-6076A5E1794E}.Ad-Hoc|iPhoneSimulator.ActiveCfg = TEST|Any CPU
		{399E0574-AE74-46BE-97EB-6076A5E1794E}.Ad-Hoc|iPhoneSimulator.Build.0 = TEST|Any CPU
		{399E0574-AE74-46BE-97EB-6076A5E1794E}.Ad-Hoc|iPhoneSimulator.Deploy.0 = TEST|Any CPU
		{399E0574-AE74-46BE-97EB-6076A5E1794E}.AppStore|Any CPU.ActiveCfg = TEST|Any CPU
		{399E0574-AE74-46BE-97EB-6076A5E1794E}.AppStore|Any CPU.Build.0 = TEST|Any CPU
		{399E0574-AE74-46BE-97EB-6076A5E1794E}.AppStore|Any CPU.Deploy.0 = TEST|Any CPU
		{399E0574-AE74-46BE-97EB-6076A5E1794E}.AppStore|iPhone.ActiveCfg = TEST|Any CPU
		{399E0574-AE74-46BE-97EB-6076A5E1794E}.AppStore|iPhone.Build.0 = TEST|Any CPU
		{399E0574-AE74-46BE-97EB-6076A5E1794E}.AppStore|iPhone.Deploy.0 = TEST|Any CPU
		{399E0574-AE74-46BE-97EB-6076A5E1794E}.AppStore|iPhoneSimulator.ActiveCfg = TEST|Any CPU
		{399E0574-AE74-46BE-97EB-6076A5E1794E}.AppStore|iPhoneSimulator.Build.0 = TEST|Any CPU
		{399E0574-AE74-46BE-97EB-6076A5E1794E}.AppStore|iPhoneSimulator.Deploy.0 = TEST|Any CPU
		{399E0574-AE74-46BE-97EB-6076A5E1794E}.Debug|Any CPU.ActiveCfg = Debug|Any CPU
		{399E0574-AE74-46BE-97EB-6076A5E1794E}.Debug|Any CPU.Build.0 = Debug|Any CPU
		{399E0574-AE74-46BE-97EB-6076A5E1794E}.Debug|Any CPU.Deploy.0 = Debug|Any CPU
		{399E0574-AE74-46BE-97EB-6076A5E1794E}.Debug|iPhone.ActiveCfg = Debug|Any CPU
		{399E0574-AE74-46BE-97EB-6076A5E1794E}.Debug|iPhone.Build.0 = Debug|Any CPU
		{399E0574-AE74-46BE-97EB-6076A5E1794E}.Debug|iPhone.Deploy.0 = Debug|Any CPU
		{399E0574-AE74-46BE-97EB-6076A5E1794E}.Debug|iPhoneSimulator.ActiveCfg = Debug|Any CPU
		{399E0574-AE74-46BE-97EB-6076A5E1794E}.Debug|iPhoneSimulator.Build.0 = Debug|Any CPU
		{399E0574-AE74-46BE-97EB-6076A5E1794E}.Debug|iPhoneSimulator.Deploy.0 = Debug|Any CPU
		{399E0574-AE74-46BE-97EB-6076A5E1794E}.Release|Any CPU.ActiveCfg = Release|Any CPU
		{399E0574-AE74-46BE-97EB-6076A5E1794E}.Release|Any CPU.Build.0 = Release|Any CPU
		{399E0574-AE74-46BE-97EB-6076A5E1794E}.Release|Any CPU.Deploy.0 = Release|Any CPU
		{399E0574-AE74-46BE-97EB-6076A5E1794E}.Release|iPhone.ActiveCfg = Release|Any CPU
		{399E0574-AE74-46BE-97EB-6076A5E1794E}.Release|iPhone.Build.0 = Release|Any CPU
		{399E0574-AE74-46BE-97EB-6076A5E1794E}.Release|iPhone.Deploy.0 = Release|Any CPU
		{399E0574-AE74-46BE-97EB-6076A5E1794E}.Release|iPhoneSimulator.ActiveCfg = Release|Any CPU
		{399E0574-AE74-46BE-97EB-6076A5E1794E}.Release|iPhoneSimulator.Build.0 = Release|Any CPU
		{399E0574-AE74-46BE-97EB-6076A5E1794E}.Release|iPhoneSimulator.Deploy.0 = Release|Any CPU
		{399E0574-AE74-46BE-97EB-6076A5E1794E}.TEST|Any CPU.ActiveCfg = TEST|Any CPU
		{399E0574-AE74-46BE-97EB-6076A5E1794E}.TEST|Any CPU.Build.0 = TEST|Any CPU
		{399E0574-AE74-46BE-97EB-6076A5E1794E}.TEST|Any CPU.Deploy.0 = TEST|Any CPU
		{399E0574-AE74-46BE-97EB-6076A5E1794E}.TEST|iPhone.ActiveCfg = TEST|Any CPU
		{399E0574-AE74-46BE-97EB-6076A5E1794E}.TEST|iPhone.Build.0 = TEST|Any CPU
		{399E0574-AE74-46BE-97EB-6076A5E1794E}.TEST|iPhone.Deploy.0 = TEST|Any CPU
		{399E0574-AE74-46BE-97EB-6076A5E1794E}.TEST|iPhoneSimulator.ActiveCfg = TEST|Any CPU
		{399E0574-AE74-46BE-97EB-6076A5E1794E}.TEST|iPhoneSimulator.Build.0 = TEST|Any CPU
		{399E0574-AE74-46BE-97EB-6076A5E1794E}.TEST|iPhoneSimulator.Deploy.0 = TEST|Any CPU
		{3D91D041-1A89-4EBB-A606-4AA5EC732BA0}.Ad-Hoc|Any CPU.ActiveCfg = TEST|Any CPU
		{3D91D041-1A89-4EBB-A606-4AA5EC732BA0}.Ad-Hoc|Any CPU.Build.0 = TEST|Any CPU
		{3D91D041-1A89-4EBB-A606-4AA5EC732BA0}.Ad-Hoc|iPhone.ActiveCfg = TEST|Any CPU
		{3D91D041-1A89-4EBB-A606-4AA5EC732BA0}.Ad-Hoc|iPhone.Build.0 = TEST|Any CPU
		{3D91D041-1A89-4EBB-A606-4AA5EC732BA0}.Ad-Hoc|iPhoneSimulator.ActiveCfg = TEST|Any CPU
		{3D91D041-1A89-4EBB-A606-4AA5EC732BA0}.Ad-Hoc|iPhoneSimulator.Build.0 = TEST|Any CPU
		{3D91D041-1A89-4EBB-A606-4AA5EC732BA0}.AppStore|Any CPU.ActiveCfg = TEST|Any CPU
		{3D91D041-1A89-4EBB-A606-4AA5EC732BA0}.AppStore|Any CPU.Build.0 = TEST|Any CPU
		{3D91D041-1A89-4EBB-A606-4AA5EC732BA0}.AppStore|iPhone.ActiveCfg = TEST|Any CPU
		{3D91D041-1A89-4EBB-A606-4AA5EC732BA0}.AppStore|iPhone.Build.0 = TEST|Any CPU
		{3D91D041-1A89-4EBB-A606-4AA5EC732BA0}.AppStore|iPhoneSimulator.ActiveCfg = TEST|Any CPU
		{3D91D041-1A89-4EBB-A606-4AA5EC732BA0}.AppStore|iPhoneSimulator.Build.0 = TEST|Any CPU
		{3D91D041-1A89-4EBB-A606-4AA5EC732BA0}.Debug|Any CPU.ActiveCfg = Debug|Any CPU
		{3D91D041-1A89-4EBB-A606-4AA5EC732BA0}.Debug|Any CPU.Build.0 = Debug|Any CPU
		{3D91D041-1A89-4EBB-A606-4AA5EC732BA0}.Debug|Any CPU.Deploy.0 = Debug|Any CPU
		{3D91D041-1A89-4EBB-A606-4AA5EC732BA0}.Debug|iPhone.ActiveCfg = Debug|Any CPU
		{3D91D041-1A89-4EBB-A606-4AA5EC732BA0}.Debug|iPhone.Build.0 = Debug|Any CPU
		{3D91D041-1A89-4EBB-A606-4AA5EC732BA0}.Debug|iPhoneSimulator.ActiveCfg = Debug|Any CPU
		{3D91D041-1A89-4EBB-A606-4AA5EC732BA0}.Debug|iPhoneSimulator.Build.0 = Debug|Any CPU
		{3D91D041-1A89-4EBB-A606-4AA5EC732BA0}.Release|Any CPU.ActiveCfg = Release|Any CPU
		{3D91D041-1A89-4EBB-A606-4AA5EC732BA0}.Release|Any CPU.Build.0 = Release|Any CPU
		{3D91D041-1A89-4EBB-A606-4AA5EC732BA0}.Release|Any CPU.Deploy.0 = Release|Any CPU
		{3D91D041-1A89-4EBB-A606-4AA5EC732BA0}.Release|iPhone.ActiveCfg = Release|Any CPU
		{3D91D041-1A89-4EBB-A606-4AA5EC732BA0}.Release|iPhone.Build.0 = Release|Any CPU
		{3D91D041-1A89-4EBB-A606-4AA5EC732BA0}.Release|iPhoneSimulator.ActiveCfg = Release|Any CPU
		{3D91D041-1A89-4EBB-A606-4AA5EC732BA0}.Release|iPhoneSimulator.Build.0 = Release|Any CPU
		{3D91D041-1A89-4EBB-A606-4AA5EC732BA0}.TEST|Any CPU.ActiveCfg = TEST|Any CPU
		{3D91D041-1A89-4EBB-A606-4AA5EC732BA0}.TEST|Any CPU.Build.0 = TEST|Any CPU
		{3D91D041-1A89-4EBB-A606-4AA5EC732BA0}.TEST|iPhone.ActiveCfg = TEST|Any CPU
		{3D91D041-1A89-4EBB-A606-4AA5EC732BA0}.TEST|iPhone.Build.0 = TEST|Any CPU
		{3D91D041-1A89-4EBB-A606-4AA5EC732BA0}.TEST|iPhoneSimulator.ActiveCfg = TEST|Any CPU
		{3D91D041-1A89-4EBB-A606-4AA5EC732BA0}.TEST|iPhoneSimulator.Build.0 = TEST|Any CPU
		{44228FA6-52DC-48A2-BD24-A76A9ACA643D}.Ad-Hoc|Any CPU.ActiveCfg = Ad-Hoc|iPhone
		{44228FA6-52DC-48A2-BD24-A76A9ACA643D}.Ad-Hoc|iPhone.ActiveCfg = Ad-Hoc|iPhone
		{44228FA6-52DC-48A2-BD24-A76A9ACA643D}.Ad-Hoc|iPhone.Build.0 = Ad-Hoc|iPhone
		{44228FA6-52DC-48A2-BD24-A76A9ACA643D}.Ad-Hoc|iPhoneSimulator.ActiveCfg = Ad-Hoc|iPhoneSimulator
		{44228FA6-52DC-48A2-BD24-A76A9ACA643D}.Ad-Hoc|iPhoneSimulator.Build.0 = Ad-Hoc|iPhoneSimulator
		{44228FA6-52DC-48A2-BD24-A76A9ACA643D}.AppStore|Any CPU.ActiveCfg = AppStore|iPhone
		{44228FA6-52DC-48A2-BD24-A76A9ACA643D}.AppStore|iPhone.ActiveCfg = AppStore|iPhone
		{44228FA6-52DC-48A2-BD24-A76A9ACA643D}.AppStore|iPhone.Build.0 = AppStore|iPhone
		{44228FA6-52DC-48A2-BD24-A76A9ACA643D}.AppStore|iPhoneSimulator.ActiveCfg = AppStore|iPhoneSimulator
		{44228FA6-52DC-48A2-BD24-A76A9ACA643D}.AppStore|iPhoneSimulator.Build.0 = AppStore|iPhoneSimulator
		{44228FA6-52DC-48A2-BD24-A76A9ACA643D}.Debug|Any CPU.ActiveCfg = Debug|iPhone
		{44228FA6-52DC-48A2-BD24-A76A9ACA643D}.Debug|iPhone.ActiveCfg = Debug|iPhone
		{44228FA6-52DC-48A2-BD24-A76A9ACA643D}.Debug|iPhone.Build.0 = Debug|iPhone
		{44228FA6-52DC-48A2-BD24-A76A9ACA643D}.Debug|iPhoneSimulator.ActiveCfg = Debug|iPhoneSimulator
		{44228FA6-52DC-48A2-BD24-A76A9ACA643D}.Debug|iPhoneSimulator.Build.0 = Debug|iPhoneSimulator
		{44228FA6-52DC-48A2-BD24-A76A9ACA643D}.Release|Any CPU.ActiveCfg = Release|iPhone
		{44228FA6-52DC-48A2-BD24-A76A9ACA643D}.Release|iPhone.ActiveCfg = Release|iPhone
		{44228FA6-52DC-48A2-BD24-A76A9ACA643D}.Release|iPhone.Build.0 = Release|iPhone
		{44228FA6-52DC-48A2-BD24-A76A9ACA643D}.Release|iPhoneSimulator.ActiveCfg = Release|iPhoneSimulator
		{44228FA6-52DC-48A2-BD24-A76A9ACA643D}.Release|iPhoneSimulator.Build.0 = Release|iPhoneSimulator
		{44228FA6-52DC-48A2-BD24-A76A9ACA643D}.TEST|Any CPU.ActiveCfg = AppStore|iPhone
		{44228FA6-52DC-48A2-BD24-A76A9ACA643D}.TEST|Any CPU.Build.0 = AppStore|iPhone
		{44228FA6-52DC-48A2-BD24-A76A9ACA643D}.TEST|iPhone.ActiveCfg = AppStore|iPhone
		{44228FA6-52DC-48A2-BD24-A76A9ACA643D}.TEST|iPhone.Build.0 = AppStore|iPhone
		{44228FA6-52DC-48A2-BD24-A76A9ACA643D}.TEST|iPhoneSimulator.ActiveCfg = AppStore|iPhoneSimulator
		{44228FA6-52DC-48A2-BD24-A76A9ACA643D}.TEST|iPhoneSimulator.Build.0 = AppStore|iPhoneSimulator
	EndGlobalSection
	GlobalSection(SolutionProperties) = preSolution
		HideSolutionNode = FALSE
	EndGlobalSection
	GlobalSection(ExtensibilityGlobals) = postSolution
		SolutionGuid = {1864FE26-B33F-4A0F-8D1F-B10522BB8D6C}
	EndGlobalSection
EndGlobal
